
Microsoft Visual Studio Solution File, Format Version 12.00
# Visual Studio Version 17
VisualStudioVersion = 17.6.33723.286
MinimumVisualStudioVersion = 10.0.40219.1
Project("{9A19103F-16F7-4668-BE54-9A1E7A4F7556}") = "AribaEats", "AribaEats.csproj", "{5DE58316-713F-436B-8655-0B50C7C646B1}"
EndProject
Project("{9A19103F-16F7-4668-BE54-9A1E7A4F7556}") = "AribaEats.Tests", "..\AribaEats.Tests\AribaEats.Tests.csproj", "{BBD4F116-95C0-49B5-A5C7-74DEB9519309}"
EndProject
Global
	GlobalSection(SolutionConfigurationPlatforms) = preSolution
		Debug|Any CPU = Debug|Any CPU
		Release|Any CPU = Release|Any CPU
	EndGlobalSection
	GlobalSection(ProjectConfigurationPlatforms) = postSolution
		{5DE58316-713F-436B-8655-0B50C7C646B1}.Debug|Any CPU.ActiveCfg = Debug|Any CPU
		{5DE58316-713F-436B-8655-0B50C7C646B1}.Debug|Any CPU.Build.0 = Debug|Any CPU
		{5DE58316-713F-436B-8655-0B50C7C646B1}.Release|Any CPU.ActiveCfg = Release|Any CPU
		{5DE58316-713F-436B-8655-0B50C7C646B1}.Release|Any CPU.Build.0 = Release|Any CPU
		{BBD4F116-95C0-49B5-A5C7-74DEB9519309}.Debug|Any CPU.ActiveCfg = Debug|Any CPU
		{BBD4F116-95C0-49B5-A5C7-74DEB9519309}.Debug|Any CPU.Build.0 = Debug|Any CPU
		{BBD4F116-95C0-49B5-A5C7-74DEB9519309}.Release|Any CPU.ActiveCfg = Release|Any CPU
		{BBD4F116-95C0-49B5-A5C7-74DEB9519309}.Release|Any CPU.Build.0 = Release|Any CPU
	EndGlobalSection
	GlobalSection(SolutionProperties) = preSolution
		HideSolutionNode = FALSE
	EndGlobalSection
	GlobalSection(ExtensibilityGlobals) = postSolution
		SolutionGuid = {61BD0002-813F-424E-BB7B-72FE542D8515}
	EndGlobalSection
EndGlobal
